
Microsoft Visual Studio Solution File, Format Version 12.00
# Visual Studio Version 16
VisualStudioVersion = 16.0.32510.428
MinimumVisualStudioVersion = 10.0.40219.1
Project("{FAE04EC0-301F-11D3-BF4B-00C04F79EFBC}") = "BasicPlugin", "BasicPlugin.csproj", "{5137E815-7A77-4C24-95C6-E14247523ABD}"
EndProject
Global
	GlobalSection(SolutionConfigurationPlatforms) = preSolution
		Debug|Any CPU = Debug|Any CPU
		Release|Any CPU = Release|Any CPU
	EndGlobalSection
	GlobalSection(ProjectConfigurationPlatforms) = postSolution
		{5137E815-7A77-4C24-95C6-E14247523ABD}.Debug|Any CPU.ActiveCfg = Debug|Any CPU
		{5137E815-7A77-4C24-95C6-E14247523ABD}.Debug|Any CPU.Build.0 = Debug|Any CPU
		{5137E815-7A77-4C24-95C6-E14247523ABD}.Release|Any CPU.ActiveCfg = Release|Any CPU
		{5137E815-7A77-4C24-95C6-E14247523ABD}.Release|Any CPU.Build.0 = Release|Any CPU
	EndGlobalSection
	GlobalSection(SolutionProperties) = preSolution
		HideSolutionNode = FALSE
	EndGlobalSection
	GlobalSection(ExtensibilityGlobals) = postSolution
		SolutionGuid = {69074B71-1F89-40CA-AA14-F7DCD6E42091}
	EndGlobalSection
EndGlobal
